
Microsoft Visual Studio Solution File, Format Version 12.00
# Visual Studio Version 16
VisualStudioVersion = 16.0.30907.101
MinimumVisualStudioVersion = 10.0.40219.1
Project("{2150E333-8FDC-42A3-9474-1A3956D46DE8}") = "MicroServices", "MicroServices", "{A5CF17F0-D6D0-475B-89DB-46E3174F3FE6}"
EndProject
Project("{2150E333-8FDC-42A3-9474-1A3956D46DE8}") = "Domain", "Domain", "{CFF99224-8F57-43C5-836C-6C8E1DC7F7FD}"
EndProject
Project("{2150E333-8FDC-42A3-9474-1A3956D46DE8}") = "Infra.bus", "Infra.bus", "{EFA7D77B-C9E5-44FD-AE73-7C95162AA8A7}"
EndProject
Project("{2150E333-8FDC-42A3-9474-1A3956D46DE8}") = "Infra.IoC", "Infra.IoC", "{AFB5801D-EE36-4C92-9971-1654ACF1008E}"
EndProject
Project("{2150E333-8FDC-42A3-9474-1A3956D46DE8}") = "Presentation", "Presentation", "{DC5688B3-E7D6-4178-949C-E00AF1F9FCA9}"
EndProject
Project("{9A19103F-16F7-4668-BE54-9A1E7A4F7556}") = "MicroRabbit.Domain.Core", "MicroRabbit.Domain.Core\MicroRabbit.Domain.Core.csproj", "{846A4AA2-B9FB-40AE-ACED-13CA8C50ECCA}"
EndProject
Project("{9A19103F-16F7-4668-BE54-9A1E7A4F7556}") = "MicroRabbit.Infra.Bus", "MicroRabbit.Infra.Bus\MicroRabbit.Infra.Bus.csproj", "{0211DAA4-921B-46A6-B66F-A5176448BD0E}"
EndProject
Project("{FAE04EC0-301F-11D3-BF4B-00C04F79EFBC}") = "MicroRabbit.Infra.IoC", "MicroRabbit.Infra.IoC\MicroRabbit.Infra.IoC.csproj", "{EAF7C9B0-86E6-4B8D-A277-A9E83238EBF3}"
EndProject
Project("{2150E333-8FDC-42A3-9474-1A3956D46DE8}") = "Banking", "Banking", "{DCF8E506-3590-4CDF-A7C5-CF7C13260FF8}"
EndProject
Project("{2150E333-8FDC-42A3-9474-1A3956D46DE8}") = "API", "API", "{BD4EBE21-39B4-493A-BC41-B42E52F8CCD7}"
EndProject
Project("{2150E333-8FDC-42A3-9474-1A3956D46DE8}") = "Application", "Application", "{75B7801B-EF9F-49DC-A155-EB2FCA0566F2}"
EndProject
Project("{2150E333-8FDC-42A3-9474-1A3956D46DE8}") = "Domain", "Domain", "{F6CA45E9-6CAE-4391-A2ED-85730EA20983}"
EndProject
Project("{2150E333-8FDC-42A3-9474-1A3956D46DE8}") = "Data", "Data", "{E75DAB9B-02BA-4510-BF28-C78732DFEE4F}"
EndProject
Project("{FAE04EC0-301F-11D3-BF4B-00C04F79EFBC}") = "MicroRabbit.Banking.Api", "MicroRabbit.Banking.Api\MicroRabbit.Banking.Api.csproj", "{90A47DB1-8240-4A9E-81E1-CC45BA2084F6}"
EndProject
Project("{FAE04EC0-301F-11D3-BF4B-00C04F79EFBC}") = "MicroRabbit.Banking.Application", "MicroRabbit.Banking.Application\MicroRabbit.Banking.Application.csproj", "{73439B4D-1D03-41CE-85F5-E56671D66C08}"
EndProject
Project("{FAE04EC0-301F-11D3-BF4B-00C04F79EFBC}") = "MicroRabbit.Banking.Data", "MicroRabbit.Banking.Data\MicroRabbit.Banking.Data.csproj", "{F1051361-0541-42A8-A8BF-7E83431D3EF3}"
EndProject
Project("{FAE04EC0-301F-11D3-BF4B-00C04F79EFBC}") = "MicroRabbit.Banking.Domain", "MicroRabbit.Banking.Domain\MicroRabbit.Banking.Domain.csproj", "{8BB8F0AB-3DC1-4F6D-97E6-CA4FA9BC3FA7}"
EndProject
Global
	GlobalSection(SolutionConfigurationPlatforms) = preSolution
		Debug|Any CPU = Debug|Any CPU
		Release|Any CPU = Release|Any CPU
	EndGlobalSection
	GlobalSection(ProjectConfigurationPlatforms) = postSolution
		{846A4AA2-B9FB-40AE-ACED-13CA8C50ECCA}.Debug|Any CPU.ActiveCfg = Debug|Any CPU
		{846A4AA2-B9FB-40AE-ACED-13CA8C50ECCA}.Debug|Any CPU.Build.0 = Debug|Any CPU
		{846A4AA2-B9FB-40AE-ACED-13CA8C50ECCA}.Release|Any CPU.ActiveCfg = Release|Any CPU
		{846A4AA2-B9FB-40AE-ACED-13CA8C50ECCA}.Release|Any CPU.Build.0 = Release|Any CPU
		{0211DAA4-921B-46A6-B66F-A5176448BD0E}.Debug|Any CPU.ActiveCfg = Debug|Any CPU
		{0211DAA4-921B-46A6-B66F-A5176448BD0E}.Debug|Any CPU.Build.0 = Debug|Any CPU
		{0211DAA4-921B-46A6-B66F-A5176448BD0E}.Release|Any CPU.ActiveCfg = Release|Any CPU
		{0211DAA4-921B-46A6-B66F-A5176448BD0E}.Release|Any CPU.Build.0 = Release|Any CPU
		{EAF7C9B0-86E6-4B8D-A277-A9E83238EBF3}.Debug|Any CPU.ActiveCfg = Debug|Any CPU
		{EAF7C9B0-86E6-4B8D-A277-A9E83238EBF3}.Debug|Any CPU.Build.0 = Debug|Any CPU
		{EAF7C9B0-86E6-4B8D-A277-A9E83238EBF3}.Release|Any CPU.ActiveCfg = Release|Any CPU
		{EAF7C9B0-86E6-4B8D-A277-A9E83238EBF3}.Release|Any CPU.Build.0 = Release|Any CPU
		{90A47DB1-8240-4A9E-81E1-CC45BA2084F6}.Debug|Any CPU.ActiveCfg = Debug|Any CPU
		{90A47DB1-8240-4A9E-81E1-CC45BA2084F6}.Debug|Any CPU.Build.0 = Debug|Any CPU
		{90A47DB1-8240-4A9E-81E1-CC45BA2084F6}.Release|Any CPU.ActiveCfg = Release|Any CPU
		{90A47DB1-8240-4A9E-81E1-CC45BA2084F6}.Release|Any CPU.Build.0 = Release|Any CPU
		{73439B4D-1D03-41CE-85F5-E56671D66C08}.Debug|Any CPU.ActiveCfg = Debug|Any CPU
		{73439B4D-1D03-41CE-85F5-E56671D66C08}.Debug|Any CPU.Build.0 = Debug|Any CPU
		{73439B4D-1D03-41CE-85F5-E56671D66C08}.Release|Any CPU.ActiveCfg = Release|Any CPU
		{73439B4D-1D03-41CE-85F5-E56671D66C08}.Release|Any CPU.Build.0 = Release|Any CPU
		{F1051361-0541-42A8-A8BF-7E83431D3EF3}.Debug|Any CPU.ActiveCfg = Debug|Any CPU
		{F1051361-0541-42A8-A8BF-7E83431D3EF3}.Debug|Any CPU.Build.0 = Debug|Any CPU
		{F1051361-0541-42A8-A8BF-7E83431D3EF3}.Release|Any CPU.ActiveCfg = Release|Any CPU
		{F1051361-0541-42A8-A8BF-7E83431D3EF3}.Release|Any CPU.Build.0 = Release|Any CPU
		{8BB8F0AB-3DC1-4F6D-97E6-CA4FA9BC3FA7}.Debug|Any CPU.ActiveCfg = Debug|Any CPU
		{8BB8F0AB-3DC1-4F6D-97E6-CA4FA9BC3FA7}.Debug|Any CPU.Build.0 = Debug|Any CPU
		{8BB8F0AB-3DC1-4F6D-97E6-CA4FA9BC3FA7}.Release|Any CPU.ActiveCfg = Release|Any CPU
		{8BB8F0AB-3DC1-4F6D-97E6-CA4FA9BC3FA7}.Release|Any CPU.Build.0 = Release|Any CPU
	EndGlobalSection
	GlobalSection(SolutionProperties) = preSolution
		HideSolutionNode = FALSE
	EndGlobalSection
	GlobalSection(NestedProjects) = preSolution
		{846A4AA2-B9FB-40AE-ACED-13CA8C50ECCA} = {CFF99224-8F57-43C5-836C-6C8E1DC7F7FD}
		{0211DAA4-921B-46A6-B66F-A5176448BD0E} = {EFA7D77B-C9E5-44FD-AE73-7C95162AA8A7}
		{EAF7C9B0-86E6-4B8D-A277-A9E83238EBF3} = {AFB5801D-EE36-4C92-9971-1654ACF1008E}
		{DCF8E506-3590-4CDF-A7C5-CF7C13260FF8} = {A5CF17F0-D6D0-475B-89DB-46E3174F3FE6}
		{BD4EBE21-39B4-493A-BC41-B42E52F8CCD7} = {DCF8E506-3590-4CDF-A7C5-CF7C13260FF8}
		{75B7801B-EF9F-49DC-A155-EB2FCA0566F2} = {DCF8E506-3590-4CDF-A7C5-CF7C13260FF8}
		{F6CA45E9-6CAE-4391-A2ED-85730EA20983} = {DCF8E506-3590-4CDF-A7C5-CF7C13260FF8}
		{E75DAB9B-02BA-4510-BF28-C78732DFEE4F} = {DCF8E506-3590-4CDF-A7C5-CF7C13260FF8}
		{90A47DB1-8240-4A9E-81E1-CC45BA2084F6} = {BD4EBE21-39B4-493A-BC41-B42E52F8CCD7}
		{73439B4D-1D03-41CE-85F5-E56671D66C08} = {75B7801B-EF9F-49DC-A155-EB2FCA0566F2}
		{F1051361-0541-42A8-A8BF-7E83431D3EF3} = {E75DAB9B-02BA-4510-BF28-C78732DFEE4F}
		{8BB8F0AB-3DC1-4F6D-97E6-CA4FA9BC3FA7} = {F6CA45E9-6CAE-4391-A2ED-85730EA20983}
	EndGlobalSection
	GlobalSection(ExtensibilityGlobals) = postSolution
		SolutionGuid = {72DF64CD-59F1-4EAB-80AF-9760EC29F48E}
	EndGlobalSection
EndGlobal
